
Microsoft Visual Studio Solution File, Format Version 12.00
# Visual Studio Version 16
VisualStudioVersion = 16.0.30114.105
MinimumVisualStudioVersion = 10.0.40219.1
Project("{FAE04EC0-301F-11D3-BF4B-00C04F79EFBC}") = "cw10", "cw10\cw10.csproj", "{67A79932-AC81-4BCE-821E-193B8850EAF5}"
EndProject
Global
	GlobalSection(SolutionConfigurationPlatforms) = preSolution
		Debug|Any CPU = Debug|Any CPU
		Release|Any CPU = Release|Any CPU
	EndGlobalSection
	GlobalSection(ProjectConfigurationPlatforms) = postSolution
		{67A79932-AC81-4BCE-821E-193B8850EAF5}.Debug|Any CPU.ActiveCfg = Debug|Any CPU
		{67A79932-AC81-4BCE-821E-193B8850EAF5}.Debug|Any CPU.Build.0 = Debug|Any CPU
		{67A79932-AC81-4BCE-821E-193B8850EAF5}.Release|Any CPU.ActiveCfg = Release|Any CPU
		{67A79932-AC81-4BCE-821E-193B8850EAF5}.Release|Any CPU.Build.0 = Release|Any CPU
	EndGlobalSection
	GlobalSection(SolutionProperties) = preSolution
		HideSolutionNode = FALSE
	EndGlobalSection
	GlobalSection(ExtensibilityGlobals) = postSolution
		SolutionGuid = {58C5033F-231D-44C0-B7A3-E8DF2C2215D4}
	EndGlobalSection
EndGlobal
